
Microsoft Visual Studio Solution File, Format Version 12.00
# Visual Studio Version 17
VisualStudioVersion = 17.3.32901.215
MinimumVisualStudioVersion = 10.0.40219.1
Project("{FAE04EC0-301F-11D3-BF4B-00C04F79EFBC}") = "GeometryLibrary", "GeometryLibrary.csproj", "{1FC789E0-4F66-4D1F-9A61-2F68DFA501EB}"
EndProject
Global
	GlobalSection(SolutionConfigurationPlatforms) = preSolution
		Debug|Any CPU = Debug|Any CPU
		Release|Any CPU = Release|Any CPU
	EndGlobalSection
	GlobalSection(ProjectConfigurationPlatforms) = postSolution
		{1FC789E0-4F66-4D1F-9A61-2F68DFA501EB}.Debug|Any CPU.ActiveCfg = Debug|Any CPU
		{1FC789E0-4F66-4D1F-9A61-2F68DFA501EB}.Debug|Any CPU.Build.0 = Debug|Any CPU
		{1FC789E0-4F66-4D1F-9A61-2F68DFA501EB}.Release|Any CPU.ActiveCfg = Release|Any CPU
		{1FC789E0-4F66-4D1F-9A61-2F68DFA501EB}.Release|Any CPU.Build.0 = Release|Any CPU
	EndGlobalSection
	GlobalSection(SolutionProperties) = preSolution
		HideSolutionNode = FALSE
	EndGlobalSection
	GlobalSection(ExtensibilityGlobals) = postSolution
		SolutionGuid = {35F8538E-EB58-429F-8375-0C0C9F7A5BF8}
	EndGlobalSection
EndGlobal
